{
    "name": "ps_checkout",
    "lockfileVersion": 3,
    "requires": true,
    "packages": {
        "": {
            "name": "ps_checkout",
            "hasInstallScript": true,
            "license": "AFL-3.0",
            "dependencies": {
                "ps_checkout": "file:"
            }
        },
        "node_modules/ps_checkout": {
            "resolved": "",
            "link": true
        }
    }
}
